
Microsoft Visual Studio Solution File, Format Version 12.00
Project("{FAE04EC0-301F-11D3-BF4B-00C04F79EFBC}") = "ParsowanieWgGramatyki", "ParsowanieWgGramatyki\ParsowanieWgGramatyki.csproj", "{90912E33-C14D-41CD-A64C-577F3BC2E99A}"
EndProject
Global
	GlobalSection(SolutionConfigurationPlatforms) = preSolution
		Debug|Any CPU = Debug|Any CPU
		Release|Any CPU = Release|Any CPU
	EndGlobalSection
	GlobalSection(ProjectConfigurationPlatforms) = postSolution
		{90912E33-C14D-41CD-A64C-577F3BC2E99A}.Debug|Any CPU.ActiveCfg = Debug|Any CPU
		{90912E33-C14D-41CD-A64C-577F3BC2E99A}.Debug|Any CPU.Build.0 = Debug|Any CPU
		{90912E33-C14D-41CD-A64C-577F3BC2E99A}.Release|Any CPU.ActiveCfg = Release|Any CPU
		{90912E33-C14D-41CD-A64C-577F3BC2E99A}.Release|Any CPU.Build.0 = Release|Any CPU
	EndGlobalSection
EndGlobal
